
Microsoft Visual Studio Solution File, Format Version 12.00
# Visual Studio Version 16
VisualStudioVersion = 16.0.29728.190
MinimumVisualStudioVersion = 10.0.40219.1
Project("{FAE04EC0-301F-11D3-BF4B-00C04F79EFBC}") = "UnderstandingArray", "UnderstandingArray.csproj", "{5DBF08F5-3228-435F-97C3-AC8A78EBF423}"
EndProject
Global
	GlobalSection(SolutionConfigurationPlatforms) = preSolution
		Debug|Any CPU = Debug|Any CPU
		Release|Any CPU = Release|Any CPU
	EndGlobalSection
	GlobalSection(ProjectConfigurationPlatforms) = postSolution
		{5DBF08F5-3228-435F-97C3-AC8A78EBF423}.Debug|Any CPU.ActiveCfg = Debug|Any CPU
		{5DBF08F5-3228-435F-97C3-AC8A78EBF423}.Debug|Any CPU.Build.0 = Debug|Any CPU
		{5DBF08F5-3228-435F-97C3-AC8A78EBF423}.Release|Any CPU.ActiveCfg = Release|Any CPU
		{5DBF08F5-3228-435F-97C3-AC8A78EBF423}.Release|Any CPU.Build.0 = Release|Any CPU
	EndGlobalSection
	GlobalSection(SolutionProperties) = preSolution
		HideSolutionNode = FALSE
	EndGlobalSection
	GlobalSection(ExtensibilityGlobals) = postSolution
		SolutionGuid = {8BA48C7F-4695-42A9-9C95-C95DBF3733F0}
	EndGlobalSection
EndGlobal
